[ "httpotion": {:git, "git://github.com/myfreeweb/httpotion.git", "d164b4c5de6b073f49d9833b8cc90aa1b794f368", []},
  "ibrowse": {:git, "git://github.com/cmullaparthi/ibrowse.git", "fb97c6601418c836bc8805ada1c200ce640b441d", []},
  "jsonex": {:git, "git://github.com/marcelog/jsonex.git", "746c8492d66e130ee74cb2d857f8458fe3a2c0e2", [{:tag, "2.0"}]},
  "jsx": {:git, "git://github.com/talentdeficit/jsx.git", "cb14b92a228e51f7bdcaa7eb17f035e4a5c0b47d", [{:tag, "v1.3.3"}]} ]
